Microsoft Visual Studio Solution File, Format Version 7.00
Project("{8BC9CEB8-8B4A-11D0-8D11-00A0C91BC942}") = "USBlinuz", "USBlinuz_vc2002.vcproj", "{BF7B81A5-E348-4F7C-A69F-F74C8EEEAD70}"
EndProject
Global
	GlobalSection(SolutionConfiguration) = preSolution
		ConfigName.0 = Debug
		ConfigName.1 = Release
	EndGlobalSection
	GlobalSection(ProjectDependencies) = postSolution
	EndGlobalSection
	GlobalSection(ProjectConfiguration) = postSolution
		{BF7B81A5-E348-4F7C-A69F-F74C8EEEAD70}.Debug.ActiveCfg = Debug|Win32
		{BF7B81A5-E348-4F7C-A69F-F74C8EEEAD70}.Debug.Build.0 = Debug|Win32
		{BF7B81A5-E348-4F7C-A69F-F74C8EEEAD70}.Release.ActiveCfg = Release|Win32
		{BF7B81A5-E348-4F7C-A69F-F74C8EEEAD70}.Release.Build.0 = Release|Win32
	EndGlobalSection
	GlobalSection(ExtensibilityGlobals) = postSolution
	EndGlobalSection
	GlobalSection(ExtensibilityAddIns) = postSolution
	EndGlobalSection
EndGlobal
