
Microsoft Visual Studio Solution File, Format Version 10.00
# Visual Studio 2008
Project("{8BC9CEB8-8B4A-11D0-8D11-00A0C91BC942}") = "pcsx2", "pcsx2\windows\VCprojects\pcsx2_2008.vcproj", "{1CEFD830-2B76-4596-A4EE-BCD7280A60BD}"
	ProjectSection(ProjectDependencies) = postProject
		{26511268-2902-4997-8421-ECD7055F9E28} = {26511268-2902-4997-8421-ECD7055F9E28}
		{2F6C0388-20CB-4242-9F6C-A6EBB6A83F47} = {2F6C0388-20CB-4242-9F6C-A6EBB6A83F47}
	EndProjectSection
EndProject
Project("{8BC9CEB8-8B4A-11D0-8D11-00A0C91BC942}") = "ZeroGS", "plugins\zerogs\dx\Windows\zerogs_2008.vcproj", "{5C6B7D28-E73D-4F71-8FC0-17ADA640EBD8}"
	ProjectSection(ProjectDependencies) = postProject
		{2F6C0388-20CB-4242-9F6C-A6EBB6A83F47} = {2F6C0388-20CB-4242-9F6C-A6EBB6A83F47}
	EndProjectSection
EndProject
Project("{8BC9CEB8-8B4A-11D0-8D11-00A0C91BC942}") = "CDVDiso", "plugins\CDVDiso\src\Windows\CDVDiso_vs2008.vcproj", "{5F78E90B-BD22-47B1-9CA5-7A80F4DF5EF3}"
	ProjectSection(ProjectDependencies) = postProject
		{2F6C0388-20CB-4242-9F6C-A6EBB6A83F47} = {2F6C0388-20CB-4242-9F6C-A6EBB6A83F47}
		{F4EB4AB2-C595-4B05-8BC0-059024BC796C} = {F4EB4AB2-C595-4B05-8BC0-059024BC796C}
	EndProjectSection
EndProject
Project("{8BC9CEB8-8B4A-11D0-8D11-00A0C91BC942}") = "SPU2-X", "plugins\spu2-x\src\Windows\Spu2-X_vs2008.vcproj", "{5307BBB7-EBB9-4AA4-8CB6-A94EC473C8C4}"
	ProjectSection(ProjectDependencies) = postProject
		{E9B51944-7E6D-4BCD-83F2-7BBD5A46182D} = {E9B51944-7E6D-4BCD-83F2-7BBD5A46182D}
	EndProjectSection
EndProject
Project("{8BC9CEB8-8B4A-11D0-8D11-00A0C91BC942}") = "GSdx", "plugins\GSdx\GSdx_vs2008.vcproj", "{18E42F6F-3A62-41EE-B42F-79366C4F1E95}"
EndProject
Project("{8BC9CEB8-8B4A-11D0-8D11-00A0C91BC942}") = "SoundTouch", "3rdparty\SoundTouch\SoundTouch.vcproj", "{E9B51944-7E6D-4BCD-83F2-7BBD5A46182D}"
EndProject
Project("{8BC9CEB8-8B4A-11D0-8D11-00A0C91BC942}") = "zlib", "3rdparty\zlib\zlib.vcproj", "{2F6C0388-20CB-4242-9F6C-A6EBB6A83F47}"
EndProject
Project("{8BC9CEB8-8B4A-11D0-8D11-00A0C91BC942}") = "bzip2", "3rdparty\bzip2\bzip2.vcproj", "{F4EB4AB2-C595-4B05-8BC0-059024BC796C}"
EndProject
Project("{8BC9CEB8-8B4A-11D0-8D11-00A0C91BC942}") = "LilyPad", "plugins\LilyPad\LilyPad_VC2008.vcproj", "{E4081455-398C-4610-A87C-90A8A7D72DC3}"
EndProject
Project("{8BC9CEB8-8B4A-11D0-8D11-00A0C91BC942}") = "w32pthreads", "3rdparty\w32pthreads\pthreads_2008.vcproj", "{26511268-2902-4997-8421-ECD7055F9E28}"
EndProject
Project("{8BC9CEB8-8B4A-11D0-8D11-00A0C91BC942}") = "ZeroSPU2", "plugins\zerospu2\Windows\ZeroSPU2_2008.vcproj", "{7F059854-568D-4E08-9D00-1E78E203E4DC}"
	ProjectSection(ProjectDependencies) = postProject
		{E9B51944-7E6D-4BCD-83F2-7BBD5A46182D} = {E9B51944-7E6D-4BCD-83F2-7BBD5A46182D}
		{26511268-2902-4997-8421-ECD7055F9E28} = {26511268-2902-4997-8421-ECD7055F9E28}
	EndProjectSection
EndProject
Project("{8BC9CEB8-8B4A-11D0-8D11-00A0C91BC942}") = "xpad", "plugins\xpad\xpad_vs2008.vcproj", "{6F3C4136-5801-4EBC-AC6E-37DF6FAB150A}"
EndProject
Project("{8BC9CEB8-8B4A-11D0-8D11-00A0C91BC942}") = "CDVDolio", "plugins\CDVDolio\cdvd_vs2008.vcproj", "{FCDF5AE2-EA47-4CC6-9F20-23A0517FEBCB}"
EndProject
Project("{8BC9CEB8-8B4A-11D0-8D11-00A0C91BC942}") = "CDVDnull", "plugins\CDVDnull\Windows\CDVDnull_vs2008.vcproj", "{F38D9DF0-F68D-49D9-B3A0-932E74FB74A0}"
EndProject
Project("{8BC9CEB8-8B4A-11D0-8D11-00A0C91BC942}") = "USBnull", "plugins\USBnull\Windows\USBnull_vc2008.vcproj", "{BF7B81A5-E348-4F7C-A69F-F74C8EEEAD70}"
EndProject
Project("{8BC9CEB8-8B4A-11D0-8D11-00A0C91BC942}") = "FWnull", "plugins\FWnull\Windows\FWnull_vc2008.vcproj", "{3D0EB14D-32F3-4D82-9C6D-B806ADBB859C}"
EndProject
Project("{8BC9CEB8-8B4A-11D0-8D11-00A0C91BC942}") = "DEV9null", "plugins\dev9null\Windows\DEV9null_vc2008.vcproj", "{04439C5F-05FB-4A9C-AAD1-5388C25377DB}"
EndProject
Project("{2150E333-8FDC-42A3-9474-1A3956D46DE8}") = "Nulls", "Nulls", "{E1828E40-2FBB-48FE-AE7F-5587755DCE0E}"
EndProject
Project("{2150E333-8FDC-42A3-9474-1A3956D46DE8}") = "3rdparty", "3rdparty", "{78EBE642-7A4D-4EA7-86BE-5639C6646C38}"
	ProjectSection(SolutionItems) = preProject
		3rdparty\svn_readme.txt = 3rdparty\svn_readme.txt
	EndProjectSection
EndProject
Project("{2150E333-8FDC-42A3-9474-1A3956D46DE8}") = "Zerofrog", "Zerofrog", "{4CFBEFA8-2D4F-4B62-99D4-7E54F95B3FD9}"
EndProject
Project("{8BC9CEB8-8B4A-11D0-8D11-00A0C91BC942}") = "ZeroPAD", "plugins\zeropad\Windows\ZeroPAD_2008.vcproj", "{CDD9DB83-3BD9-4ED8-BB83-399A2F65F022}"
	ProjectSection(ProjectDependencies) = postProject
		{26511268-2902-4997-8421-ECD7055F9E28} = {26511268-2902-4997-8421-ECD7055F9E28}
	EndProjectSection
EndProject
Project("{2150E333-8FDC-42A3-9474-1A3956D46DE8}") = "Plugins", "Plugins", "{703FD00B-D7A0-41E3-BD03-CEC86B385DAF}"
EndProject
Project("{2150E333-8FDC-42A3-9474-1A3956D46DE8}") = "Common", "Common", "{88F517F9-CE1C-4005-9BDF-4481FEB55053}"
	ProjectSection(SolutionItems) = preProject
		common\svn_readme.txt = common\svn_readme.txt
	EndProjectSection
EndProject
Project("{2150E333-8FDC-42A3-9474-1A3956D46DE8}") = "Include", "Include", "{0FADC26C-0E9D-4DD7-84B1-BF4F7754E90C}"
	ProjectSection(SolutionItems) = preProject
		common\include\afxresmw.h = common\include\afxresmw.h
		common\include\intrin_x86.h = common\include\intrin_x86.h
		common\include\PS2Edefs.h = common\include\PS2Edefs.h
		common\include\PS2Etypes.h = common\include\PS2Etypes.h
	EndProjectSection
EndProject
Global
	GlobalSection(SolutionConfigurationPlatforms) = preSolution
		Debug|Win32 = Debug|Win32
		Devel|Win32 = Devel|Win32
		Release SSE2|Win32 = Release SSE2|Win32
		Release SSE4|Win32 = Release SSE4|Win32
		Release SSSE3|Win32 = Release SSSE3|Win32
	EndGlobalSection
	GlobalSection(ProjectConfigurationPlatforms) = postSolution
		{1CEFD830-2B76-4596-A4EE-BCD7280A60BD}.Debug|Win32.ActiveCfg = Debug|Win32
		{1CEFD830-2B76-4596-A4EE-BCD7280A60BD}.Debug|Win32.Build.0 = Debug|Win32
		{1CEFD830-2B76-4596-A4EE-BCD7280A60BD}.Devel|Win32.ActiveCfg = Devel|Win32
		{1CEFD830-2B76-4596-A4EE-BCD7280A60BD}.Devel|Win32.Build.0 = Devel|Win32
		{1CEFD830-2B76-4596-A4EE-BCD7280A60BD}.Release SSE2|Win32.ActiveCfg = Release|Win32
		{1CEFD830-2B76-4596-A4EE-BCD7280A60BD}.Release SSE2|Win32.Build.0 = Release|Win32
		{1CEFD830-2B76-4596-A4EE-BCD7280A60BD}.Release SSE4|Win32.ActiveCfg = Release|Win32
		{1CEFD830-2B76-4596-A4EE-BCD7280A60BD}.Release SSE4|Win32.Build.0 = Release|Win32
		{1CEFD830-2B76-4596-A4EE-BCD7280A60BD}.Release SSSE3|Win32.ActiveCfg = Release|Win32
		{1CEFD830-2B76-4596-A4EE-BCD7280A60BD}.Release SSSE3|Win32.Build.0 = Release|Win32
		{5C6B7D28-E73D-4F71-8FC0-17ADA640EBD8}.Debug|Win32.ActiveCfg = Debug|Win32
		{5C6B7D28-E73D-4F71-8FC0-17ADA640EBD8}.Debug|Win32.Build.0 = Debug|Win32
		{5C6B7D28-E73D-4F71-8FC0-17ADA640EBD8}.Devel|Win32.ActiveCfg = Devel|Win32
		{5C6B7D28-E73D-4F71-8FC0-17ADA640EBD8}.Devel|Win32.Build.0 = Devel|Win32
		{5C6B7D28-E73D-4F71-8FC0-17ADA640EBD8}.Release SSE2|Win32.ActiveCfg = Release|Win32
		{5C6B7D28-E73D-4F71-8FC0-17ADA640EBD8}.Release SSE2|Win32.Build.0 = Release|Win32
		{5C6B7D28-E73D-4F71-8FC0-17ADA640EBD8}.Release SSE4|Win32.ActiveCfg = Release|Win32
		{5C6B7D28-E73D-4F71-8FC0-17ADA640EBD8}.Release SSE4|Win32.Build.0 = Release|Win32
		{5C6B7D28-E73D-4F71-8FC0-17ADA640EBD8}.Release SSSE3|Win32.ActiveCfg = Release|Win32
		{5C6B7D28-E73D-4F71-8FC0-17ADA640EBD8}.Release SSSE3|Win32.Build.0 = Release|Win32
		{5F78E90B-BD22-47B1-9CA5-7A80F4DF5EF3}.Debug|Win32.ActiveCfg = Debug|Win32
		{5F78E90B-BD22-47B1-9CA5-7A80F4DF5EF3}.Debug|Win32.Build.0 = Debug|Win32
		{5F78E90B-BD22-47B1-9CA5-7A80F4DF5EF3}.Devel|Win32.ActiveCfg = Devel|Win32
		{5F78E90B-BD22-47B1-9CA5-7A80F4DF5EF3}.Devel|Win32.Build.0 = Devel|Win32
		{5F78E90B-BD22-47B1-9CA5-7A80F4DF5EF3}.Release SSE2|Win32.ActiveCfg = Release|Win32
		{5F78E90B-BD22-47B1-9CA5-7A80F4DF5EF3}.Release SSE2|Win32.Build.0 = Release|Win32
		{5F78E90B-BD22-47B1-9CA5-7A80F4DF5EF3}.Release SSE4|Win32.ActiveCfg = Release|Win32
		{5F78E90B-BD22-47B1-9CA5-7A80F4DF5EF3}.Release SSE4|Win32.Build.0 = Release|Win32
		{5F78E90B-BD22-47B1-9CA5-7A80F4DF5EF3}.Release SSSE3|Win32.ActiveCfg = Release|Win32
		{5F78E90B-BD22-47B1-9CA5-7A80F4DF5EF3}.Release SSSE3|Win32.Build.0 = Release|Win32
		{5307BBB7-EBB9-4AA4-8CB6-A94EC473C8C4}.Debug|Win32.ActiveCfg = Debug|Win32
		{5307BBB7-EBB9-4AA4-8CB6-A94EC473C8C4}.Debug|Win32.Build.0 = Debug|Win32
		{5307BBB7-EBB9-4AA4-8CB6-A94EC473C8C4}.Devel|Win32.ActiveCfg = Devel|Win32
		{5307BBB7-EBB9-4AA4-8CB6-A94EC473C8C4}.Devel|Win32.Build.0 = Devel|Win32
		{5307BBB7-EBB9-4AA4-8CB6-A94EC473C8C4}.Release SSE2|Win32.ActiveCfg = Release|Win32
		{5307BBB7-EBB9-4AA4-8CB6-A94EC473C8C4}.Release SSE2|Win32.Build.0 = Release|Win32
		{5307BBB7-EBB9-4AA4-8CB6-A94EC473C8C4}.Release SSE4|Win32.ActiveCfg = Release|Win32
		{5307BBB7-EBB9-4AA4-8CB6-A94EC473C8C4}.Release SSE4|Win32.Build.0 = Release|Win32
		{5307BBB7-EBB9-4AA4-8CB6-A94EC473C8C4}.Release SSSE3|Win32.ActiveCfg = Release|Win32
		{5307BBB7-EBB9-4AA4-8CB6-A94EC473C8C4}.Release SSSE3|Win32.Build.0 = Release|Win32
		{18E42F6F-3A62-41EE-B42F-79366C4F1E95}.Debug|Win32.ActiveCfg = Debug SSE2|Win32
		{18E42F6F-3A62-41EE-B42F-79366C4F1E95}.Debug|Win32.Build.0 = Debug SSE2|Win32
		{18E42F6F-3A62-41EE-B42F-79366C4F1E95}.Devel|Win32.ActiveCfg = Release SSE2|Win32
		{18E42F6F-3A62-41EE-B42F-79366C4F1E95}.Devel|Win32.Build.0 = Release SSE2|Win32
		{18E42F6F-3A62-41EE-B42F-79366C4F1E95}.Release SSE2|Win32.ActiveCfg = Release SSE2|Win32
		{18E42F6F-3A62-41EE-B42F-79366C4F1E95}.Release SSE2|Win32.Build.0 = Release SSE2|Win32
		{18E42F6F-3A62-41EE-B42F-79366C4F1E95}.Release SSE4|Win32.ActiveCfg = Release SSE4|Win32
		{18E42F6F-3A62-41EE-B42F-79366C4F1E95}.Release SSE4|Win32.Build.0 = Release SSE4|Win32
		{18E42F6F-3A62-41EE-B42F-79366C4F1E95}.Release SSSE3|Win32.ActiveCfg = Release SSSE3|Win32
		{18E42F6F-3A62-41EE-B42F-79366C4F1E95}.Release SSSE3|Win32.Build.0 = Release SSSE3|Win32
		{E9B51944-7E6D-4BCD-83F2-7BBD5A46182D}.Debug|Win32.ActiveCfg = Debug|Win32
		{E9B51944-7E6D-4BCD-83F2-7BBD5A46182D}.Debug|Win32.Build.0 = Debug|Win32
		{E9B51944-7E6D-4BCD-83F2-7BBD5A46182D}.Devel|Win32.ActiveCfg = Devel|Win32
		{E9B51944-7E6D-4BCD-83F2-7BBD5A46182D}.Devel|Win32.Build.0 = Devel|Win32
		{E9B51944-7E6D-4BCD-83F2-7BBD5A46182D}.Release SSE2|Win32.ActiveCfg = Release|Win32
		{E9B51944-7E6D-4BCD-83F2-7BBD5A46182D}.Release SSE2|Win32.Build.0 = Release|Win32
		{E9B51944-7E6D-4BCD-83F2-7BBD5A46182D}.Release SSE4|Win32.ActiveCfg = Release|Win32
		{E9B51944-7E6D-4BCD-83F2-7BBD5A46182D}.Release SSE4|Win32.Build.0 = Release|Win32
		{E9B51944-7E6D-4BCD-83F2-7BBD5A46182D}.Release SSSE3|Win32.ActiveCfg = Release|Win32
		{E9B51944-7E6D-4BCD-83F2-7BBD5A46182D}.Release SSSE3|Win32.Build.0 = Release|Win32
		{2F6C0388-20CB-4242-9F6C-A6EBB6A83F47}.Debug|Win32.ActiveCfg = Debug|Win32
		{2F6C0388-20CB-4242-9F6C-A6EBB6A83F47}.Debug|Win32.Build.0 = Debug|Win32
		{2F6C0388-20CB-4242-9F6C-A6EBB6A83F47}.Devel|Win32.ActiveCfg = Devel|Win32
		{2F6C0388-20CB-4242-9F6C-A6EBB6A83F47}.Devel|Win32.Build.0 = Devel|Win32
		{2F6C0388-20CB-4242-9F6C-A6EBB6A83F47}.Release SSE2|Win32.ActiveCfg = Release|Win32
		{2F6C0388-20CB-4242-9F6C-A6EBB6A83F47}.Release SSE2|Win32.Build.0 = Release|Win32
		{2F6C0388-20CB-4242-9F6C-A6EBB6A83F47}.Release SSE4|Win32.ActiveCfg = Release|Win32
		{2F6C0388-20CB-4242-9F6C-A6EBB6A83F47}.Release SSE4|Win32.Build.0 = Release|Win32
		{2F6C0388-20CB-4242-9F6C-A6EBB6A83F47}.Release SSSE3|Win32.ActiveCfg = Release|Win32
		{2F6C0388-20CB-4242-9F6C-A6EBB6A83F47}.Release SSSE3|Win32.Build.0 = Release|Win32
		{F4EB4AB2-C595-4B05-8BC0-059024BC796C}.Debug|Win32.ActiveCfg = Debug|Win32
		{F4EB4AB2-C595-4B05-8BC0-059024BC796C}.Debug|Win32.Build.0 = Debug|Win32
		{F4EB4AB2-C595-4B05-8BC0-059024BC796C}.Devel|Win32.ActiveCfg = Devel|Win32
		{F4EB4AB2-C595-4B05-8BC0-059024BC796C}.Devel|Win32.Build.0 = Devel|Win32
		{F4EB4AB2-C595-4B05-8BC0-059024BC796C}.Release SSE2|Win32.ActiveCfg = Release|Win32
		{F4EB4AB2-C595-4B05-8BC0-059024BC796C}.Release SSE2|Win32.Build.0 = Release|Win32
		{F4EB4AB2-C595-4B05-8BC0-059024BC796C}.Release SSE4|Win32.ActiveCfg = Release|Win32
		{F4EB4AB2-C595-4B05-8BC0-059024BC796C}.Release SSE4|Win32.Build.0 = Release|Win32
		{F4EB4AB2-C595-4B05-8BC0-059024BC796C}.Release SSSE3|Win32.ActiveCfg = Release|Win32
		{F4EB4AB2-C595-4B05-8BC0-059024BC796C}.Release SSSE3|Win32.Build.0 = Release|Win32
		{E4081455-398C-4610-A87C-90A8A7D72DC3}.Debug|Win32.ActiveCfg = Debug|Win32
		{E4081455-398C-4610-A87C-90A8A7D72DC3}.Debug|Win32.Build.0 = Debug|Win32
		{E4081455-398C-4610-A87C-90A8A7D72DC3}.Devel|Win32.ActiveCfg = Release|Win32
		{E4081455-398C-4610-A87C-90A8A7D72DC3}.Devel|Win32.Build.0 = Release|Win32
		{E4081455-398C-4610-A87C-90A8A7D72DC3}.Release SSE2|Win32.ActiveCfg = Release|Win32
		{E4081455-398C-4610-A87C-90A8A7D72DC3}.Release SSE2|Win32.Build.0 = Release|Win32
		{E4081455-398C-4610-A87C-90A8A7D72DC3}.Release SSE4|Win32.ActiveCfg = Release|Win32
		{E4081455-398C-4610-A87C-90A8A7D72DC3}.Release SSE4|Win32.Build.0 = Release|Win32
		{E4081455-398C-4610-A87C-90A8A7D72DC3}.Release SSSE3|Win32.ActiveCfg = Release|Win32
		{E4081455-398C-4610-A87C-90A8A7D72DC3}.Release SSSE3|Win32.Build.0 = Release|Win32
		{26511268-2902-4997-8421-ECD7055F9E28}.Debug|Win32.ActiveCfg = Debug|Win32
		{26511268-2902-4997-8421-ECD7055F9E28}.Debug|Win32.Build.0 = Debug|Win32
		{26511268-2902-4997-8421-ECD7055F9E28}.Devel|Win32.ActiveCfg = Devel|Win32
		{26511268-2902-4997-8421-ECD7055F9E28}.Devel|Win32.Build.0 = Devel|Win32
		{26511268-2902-4997-8421-ECD7055F9E28}.Release SSE2|Win32.ActiveCfg = Release|Win32
		{26511268-2902-4997-8421-ECD7055F9E28}.Release SSE2|Win32.Build.0 = Release|Win32
		{26511268-2902-4997-8421-ECD7055F9E28}.Release SSE4|Win32.ActiveCfg = Release|Win32
		{26511268-2902-4997-8421-ECD7055F9E28}.Release SSE4|Win32.Build.0 = Release|Win32
		{26511268-2902-4997-8421-ECD7055F9E28}.Release SSSE3|Win32.ActiveCfg = Release|Win32
		{26511268-2902-4997-8421-ECD7055F9E28}.Release SSSE3|Win32.Build.0 = Release|Win32
		{7F059854-568D-4E08-9D00-1E78E203E4DC}.Debug|Win32.ActiveCfg = Debug|Win32
		{7F059854-568D-4E08-9D00-1E78E203E4DC}.Debug|Win32.Build.0 = Debug|Win32
		{7F059854-568D-4E08-9D00-1E78E203E4DC}.Devel|Win32.ActiveCfg = Devel|Win32
		{7F059854-568D-4E08-9D00-1E78E203E4DC}.Devel|Win32.Build.0 = Devel|Win32
		{7F059854-568D-4E08-9D00-1E78E203E4DC}.Release SSE2|Win32.ActiveCfg = Release|Win32
		{7F059854-568D-4E08-9D00-1E78E203E4DC}.Release SSE2|Win32.Build.0 = Release|Win32
		{7F059854-568D-4E08-9D00-1E78E203E4DC}.Release SSE4|Win32.ActiveCfg = Release|Win32
		{7F059854-568D-4E08-9D00-1E78E203E4DC}.Release SSE4|Win32.Build.0 = Release|Win32
		{7F059854-568D-4E08-9D00-1E78E203E4DC}.Release SSSE3|Win32.ActiveCfg = Release|Win32
		{7F059854-568D-4E08-9D00-1E78E203E4DC}.Release SSSE3|Win32.Build.0 = Release|Win32
		{6F3C4136-5801-4EBC-AC6E-37DF6FAB150A}.Debug|Win32.ActiveCfg = Debug|Win32
		{6F3C4136-5801-4EBC-AC6E-37DF6FAB150A}.Debug|Win32.Build.0 = Debug|Win32
		{6F3C4136-5801-4EBC-AC6E-37DF6FAB150A}.Devel|Win32.ActiveCfg = Release|Win32
		{6F3C4136-5801-4EBC-AC6E-37DF6FAB150A}.Devel|Win32.Build.0 = Release|Win32
		{6F3C4136-5801-4EBC-AC6E-37DF6FAB150A}.Release SSE2|Win32.ActiveCfg = Release|Win32
		{6F3C4136-5801-4EBC-AC6E-37DF6FAB150A}.Release SSE2|Win32.Build.0 = Release|Win32
		{6F3C4136-5801-4EBC-AC6E-37DF6FAB150A}.Release SSE4|Win32.ActiveCfg = Release|Win32
		{6F3C4136-5801-4EBC-AC6E-37DF6FAB150A}.Release SSE4|Win32.Build.0 = Release|Win32
		{6F3C4136-5801-4EBC-AC6E-37DF6FAB150A}.Release SSSE3|Win32.ActiveCfg = Release|Win32
		{6F3C4136-5801-4EBC-AC6E-37DF6FAB150A}.Release SSSE3|Win32.Build.0 = Release|Win32
		{FCDF5AE2-EA47-4CC6-9F20-23A0517FEBCB}.Debug|Win32.ActiveCfg = Debug|Win32
		{FCDF5AE2-EA47-4CC6-9F20-23A0517FEBCB}.Debug|Win32.Build.0 = Debug|Win32
		{FCDF5AE2-EA47-4CC6-9F20-23A0517FEBCB}.Devel|Win32.ActiveCfg = Release|Win32
		{FCDF5AE2-EA47-4CC6-9F20-23A0517FEBCB}.Devel|Win32.Build.0 = Release|Win32
		{FCDF5AE2-EA47-4CC6-9F20-23A0517FEBCB}.Release SSE2|Win32.ActiveCfg = Release|Win32
		{FCDF5AE2-EA47-4CC6-9F20-23A0517FEBCB}.Release SSE2|Win32.Build.0 = Release|Win32
		{FCDF5AE2-EA47-4CC6-9F20-23A0517FEBCB}.Release SSE4|Win32.ActiveCfg = Release|Win32
		{FCDF5AE2-EA47-4CC6-9F20-23A0517FEBCB}.Release SSE4|Win32.Build.0 = Release|Win32
		{FCDF5AE2-EA47-4CC6-9F20-23A0517FEBCB}.Release SSSE3|Win32.ActiveCfg = Release|Win32
		{FCDF5AE2-EA47-4CC6-9F20-23A0517FEBCB}.Release SSSE3|Win32.Build.0 = Release|Win32
		{F38D9DF0-F68D-49D9-B3A0-932E74FB74A0}.Debug|Win32.ActiveCfg = Release|Win32
		{F38D9DF0-F68D-49D9-B3A0-932E74FB74A0}.Debug|Win32.Build.0 = Release|Win32
		{F38D9DF0-F68D-49D9-B3A0-932E74FB74A0}.Devel|Win32.ActiveCfg = Release|Win32
		{F38D9DF0-F68D-49D9-B3A0-932E74FB74A0}.Devel|Win32.Build.0 = Release|Win32
		{F38D9DF0-F68D-49D9-B3A0-932E74FB74A0}.Release SSE2|Win32.ActiveCfg = Release|Win32
		{F38D9DF0-F68D-49D9-B3A0-932E74FB74A0}.Release SSE2|Win32.Build.0 = Release|Win32
		{F38D9DF0-F68D-49D9-B3A0-932E74FB74A0}.Release SSE4|Win32.ActiveCfg = Release|Win32
		{F38D9DF0-F68D-49D9-B3A0-932E74FB74A0}.Release SSE4|Win32.Build.0 = Release|Win32
		{F38D9DF0-F68D-49D9-B3A0-932E74FB74A0}.Release SSSE3|Win32.ActiveCfg = Release|Win32
		{F38D9DF0-F68D-49D9-B3A0-932E74FB74A0}.Release SSSE3|Win32.Build.0 = Release|Win32
		{BF7B81A5-E348-4F7C-A69F-F74C8EEEAD70}.Debug|Win32.ActiveCfg = Debug|Win32
		{BF7B81A5-E348-4F7C-A69F-F74C8EEEAD70}.Debug|Win32.Build.0 = Debug|Win32
		{BF7B81A5-E348-4F7C-A69F-F74C8EEEAD70}.Devel|Win32.ActiveCfg = Release|Win32
		{BF7B81A5-E348-4F7C-A69F-F74C8EEEAD70}.Devel|Win32.Build.0 = Release|Win32
		{BF7B81A5-E348-4F7C-A69F-F74C8EEEAD70}.Release SSE2|Win32.ActiveCfg = Release|Win32
		{BF7B81A5-E348-4F7C-A69F-F74C8EEEAD70}.Release SSE2|Win32.Build.0 = Release|Win32
		{BF7B81A5-E348-4F7C-A69F-F74C8EEEAD70}.Release SSE4|Win32.ActiveCfg = Release|Win32
		{BF7B81A5-E348-4F7C-A69F-F74C8EEEAD70}.Release SSE4|Win32.Build.0 = Release|Win32
		{BF7B81A5-E348-4F7C-A69F-F74C8EEEAD70}.Release SSSE3|Win32.ActiveCfg = Release|Win32
		{BF7B81A5-E348-4F7C-A69F-F74C8EEEAD70}.Release SSSE3|Win32.Build.0 = Release|Win32
		{3D0EB14D-32F3-4D82-9C6D-B806ADBB859C}.Debug|Win32.ActiveCfg = Debug|Win32
		{3D0EB14D-32F3-4D82-9C6D-B806ADBB859C}.Debug|Win32.Build.0 = Debug|Win32
		{3D0EB14D-32F3-4D82-9C6D-B806ADBB859C}.Devel|Win32.ActiveCfg = Release|Win32
		{3D0EB14D-32F3-4D82-9C6D-B806ADBB859C}.Devel|Win32.Build.0 = Release|Win32
		{3D0EB14D-32F3-4D82-9C6D-B806ADBB859C}.Release SSE2|Win32.ActiveCfg = Release|Win32
		{3D0EB14D-32F3-4D82-9C6D-B806ADBB859C}.Release SSE2|Win32.Build.0 = Release|Win32
		{3D0EB14D-32F3-4D82-9C6D-B806ADBB859C}.Release SSE4|Win32.ActiveCfg = Release|Win32
		{3D0EB14D-32F3-4D82-9C6D-B806ADBB859C}.Release SSE4|Win32.Build.0 = Release|Win32
		{3D0EB14D-32F3-4D82-9C6D-B806ADBB859C}.Release SSSE3|Win32.ActiveCfg = Release|Win32
		{3D0EB14D-32F3-4D82-9C6D-B806ADBB859C}.Release SSSE3|Win32.Build.0 = Release|Win32
		{04439C5F-05FB-4A9C-AAD1-5388C25377DB}.Debug|Win32.ActiveCfg = Debug|Win32
		{04439C5F-05FB-4A9C-AAD1-5388C25377DB}.Debug|Win32.Build.0 = Debug|Win32
		{04439C5F-05FB-4A9C-AAD1-5388C25377DB}.Devel|Win32.ActiveCfg = Release|Win32
		{04439C5F-05FB-4A9C-AAD1-5388C25377DB}.Devel|Win32.Build.0 = Release|Win32
		{04439C5F-05FB-4A9C-AAD1-5388C25377DB}.Release SSE2|Win32.ActiveCfg = Release|Win32
		{04439C5F-05FB-4A9C-AAD1-5388C25377DB}.Release SSE2|Win32.Build.0 = Release|Win32
		{04439C5F-05FB-4A9C-AAD1-5388C25377DB}.Release SSE4|Win32.ActiveCfg = Release|Win32
		{04439C5F-05FB-4A9C-AAD1-5388C25377DB}.Release SSE4|Win32.Build.0 = Release|Win32
		{04439C5F-05FB-4A9C-AAD1-5388C25377DB}.Release SSSE3|Win32.ActiveCfg = Release|Win32
		{04439C5F-05FB-4A9C-AAD1-5388C25377DB}.Release SSSE3|Win32.Build.0 = Release|Win32
		{CDD9DB83-3BD9-4ED8-BB83-399A2F65F022}.Debug|Win32.ActiveCfg = Debug|Win32
		{CDD9DB83-3BD9-4ED8-BB83-399A2F65F022}.Debug|Win32.Build.0 = Debug|Win32
		{CDD9DB83-3BD9-4ED8-BB83-399A2F65F022}.Devel|Win32.ActiveCfg = Devel|Win32
		{CDD9DB83-3BD9-4ED8-BB83-399A2F65F022}.Devel|Win32.Build.0 = Devel|Win32
		{CDD9DB83-3BD9-4ED8-BB83-399A2F65F022}.Release SSE2|Win32.ActiveCfg = Release|Win32
		{CDD9DB83-3BD9-4ED8-BB83-399A2F65F022}.Release SSE2|Win32.Build.0 = Release|Win32
		{CDD9DB83-3BD9-4ED8-BB83-399A2F65F022}.Release SSE4|Win32.ActiveCfg = Release|Win32
		{CDD9DB83-3BD9-4ED8-BB83-399A2F65F022}.Release SSE4|Win32.Build.0 = Release|Win32
		{CDD9DB83-3BD9-4ED8-BB83-399A2F65F022}.Release SSSE3|Win32.ActiveCfg = Release|Win32
		{CDD9DB83-3BD9-4ED8-BB83-399A2F65F022}.Release SSSE3|Win32.Build.0 = Release|Win32
	EndGlobalSection
	GlobalSection(SolutionProperties) = preSolution
		HideSolutionNode = FALSE
	EndGlobalSection
	GlobalSection(NestedProjects) = preSolution
		{5F78E90B-BD22-47B1-9CA5-7A80F4DF5EF3} = {703FD00B-D7A0-41E3-BD03-CEC86B385DAF}
		{5307BBB7-EBB9-4AA4-8CB6-A94EC473C8C4} = {703FD00B-D7A0-41E3-BD03-CEC86B385DAF}
		{18E42F6F-3A62-41EE-B42F-79366C4F1E95} = {703FD00B-D7A0-41E3-BD03-CEC86B385DAF}
		{E4081455-398C-4610-A87C-90A8A7D72DC3} = {703FD00B-D7A0-41E3-BD03-CEC86B385DAF}
		{4CFBEFA8-2D4F-4B62-99D4-7E54F95B3FD9} = {703FD00B-D7A0-41E3-BD03-CEC86B385DAF}
		{6F3C4136-5801-4EBC-AC6E-37DF6FAB150A} = {703FD00B-D7A0-41E3-BD03-CEC86B385DAF}
		{FCDF5AE2-EA47-4CC6-9F20-23A0517FEBCB} = {703FD00B-D7A0-41E3-BD03-CEC86B385DAF}
		{E1828E40-2FBB-48FE-AE7F-5587755DCE0E} = {703FD00B-D7A0-41E3-BD03-CEC86B385DAF}
		{2F6C0388-20CB-4242-9F6C-A6EBB6A83F47} = {78EBE642-7A4D-4EA7-86BE-5639C6646C38}
		{F4EB4AB2-C595-4B05-8BC0-059024BC796C} = {78EBE642-7A4D-4EA7-86BE-5639C6646C38}
		{26511268-2902-4997-8421-ECD7055F9E28} = {78EBE642-7A4D-4EA7-86BE-5639C6646C38}
		{E9B51944-7E6D-4BCD-83F2-7BBD5A46182D} = {78EBE642-7A4D-4EA7-86BE-5639C6646C38}
		{7F059854-568D-4E08-9D00-1E78E203E4DC} = {4CFBEFA8-2D4F-4B62-99D4-7E54F95B3FD9}
		{CDD9DB83-3BD9-4ED8-BB83-399A2F65F022} = {4CFBEFA8-2D4F-4B62-99D4-7E54F95B3FD9}
		{5C6B7D28-E73D-4F71-8FC0-17ADA640EBD8} = {4CFBEFA8-2D4F-4B62-99D4-7E54F95B3FD9}
		{BF7B81A5-E348-4F7C-A69F-F74C8EEEAD70} = {E1828E40-2FBB-48FE-AE7F-5587755DCE0E}
		{3D0EB14D-32F3-4D82-9C6D-B806ADBB859C} = {E1828E40-2FBB-48FE-AE7F-5587755DCE0E}
		{04439C5F-05FB-4A9C-AAD1-5388C25377DB} = {E1828E40-2FBB-48FE-AE7F-5587755DCE0E}
		{F38D9DF0-F68D-49D9-B3A0-932E74FB74A0} = {E1828E40-2FBB-48FE-AE7F-5587755DCE0E}
		{0FADC26C-0E9D-4DD7-84B1-BF4F7754E90C} = {88F517F9-CE1C-4005-9BDF-4481FEB55053}
	EndGlobalSection
	GlobalSection(ExtensibilityGlobals) = postSolution
		AMDCaProjectFile = C:\pcsx2dev\pcsx2\CodeAnalyst\pcsx2_suite_2008.caw
	EndGlobalSection
EndGlobal
