Microsoft Visual Studio Solution File, Format Version 8.00
Project("{8BC9CEB8-8B4A-11D0-8D11-00A0C91BC942}") = "SPU2null", "SPU2null.vcproj", "{35024C58-7F8B-4F3A-AFFE-E82DCD6B579F}"
	ProjectSection(ProjectDependencies) = postProject
	EndProjectSection
EndProject
Global
	GlobalSection(SolutionConfiguration) = preSolution
		Debug = Debug
		Release = Release
	EndGlobalSection
	GlobalSection(ProjectConfiguration) = postSolution
		{35024C58-7F8B-4F3A-AFFE-E82DCD6B579F}.Debug.ActiveCfg = Debug|Win32
		{35024C58-7F8B-4F3A-AFFE-E82DCD6B579F}.Debug.Build.0 = Debug|Win32
		{35024C58-7F8B-4F3A-AFFE-E82DCD6B579F}.Release.ActiveCfg = Release|Win32
		{35024C58-7F8B-4F3A-AFFE-E82DCD6B579F}.Release.Build.0 = Release|Win32
	EndGlobalSection
	GlobalSection(ExtensibilityGlobals) = postSolution
	EndGlobalSection
	GlobalSection(ExtensibilityAddIns) = postSolution
	EndGlobalSection
EndGlobal
