Microsoft Visual Studio Solution File, Format Version 7.00
Project("{8BC9CEB8-8B4A-11D0-8D11-00A0C91BC942}") = "CDVDnull", "CDVDnull.vcproj", "{F38D9DF0-F68D-49D9-B3A0-932E74FB74A0}"
EndProject
Global
	GlobalSection(SolutionConfiguration) = preSolution
		ConfigName.0 = Release
	EndGlobalSection
	GlobalSection(ProjectDependencies) = postSolution
	EndGlobalSection
	GlobalSection(ProjectConfiguration) = postSolution
		{F38D9DF0-F68D-49D9-B3A0-932E74FB74A0}.Release.ActiveCfg = Release|Win32
		{F38D9DF0-F68D-49D9-B3A0-932E74FB74A0}.Release.Build.0 = Release|Win32
	EndGlobalSection
	GlobalSection(ExtensibilityGlobals) = postSolution
	EndGlobalSection
	GlobalSection(ExtensibilityAddIns) = postSolution
	EndGlobalSection
EndGlobal
