<Project xmlns="http://schemas.microsoft.com/developer/msbuild/2003" ToolsVersion="12.0">
  <ItemGroup>
    <ClCompile Include="$(ProjDir)..\..\..\llvm\utils\TableGen\AsmMatcherEmitter.cpp">
      <Filter>Source Files</Filter>
    </ClCompile>
    <ClCompile Include="$(ProjDir)..\..\..\llvm\utils\TableGen\AsmWriterEmitter.cpp">
      <Filter>Source Files</Filter>
    </ClCompile>
    <ClCompile Include="$(ProjDir)..\..\..\llvm\utils\TableGen\AsmWriterInst.cpp">
      <Filter>Source Files</Filter>
    </ClCompile>
    <ClCompile Include="$(ProjDir)..\..\..\llvm\utils\TableGen\CallingConvEmitter.cpp">
      <Filter>Source Files</Filter>
    </ClCompile>
    <ClCompile Include="$(ProjDir)..\..\..\llvm\utils\TableGen\CodeEmitterGen.cpp">
      <Filter>Source Files</Filter>
    </ClCompile>
    <ClCompile Include="$(ProjDir)..\..\..\llvm\utils\TableGen\CodeGenDAGPatterns.cpp">
      <Filter>Source Files</Filter>
    </ClCompile>
    <ClCompile Include="$(ProjDir)..\..\..\llvm\utils\TableGen\CodeGenInstruction.cpp">
      <Filter>Source Files</Filter>
    </ClCompile>
    <ClCompile Include="$(ProjDir)..\..\..\llvm\utils\TableGen\CodeGenMapTable.cpp">
      <Filter>Source Files</Filter>
    </ClCompile>
    <ClCompile Include="$(ProjDir)..\..\..\llvm\utils\TableGen\CodeGenRegisters.cpp">
      <Filter>Source Files</Filter>
    </ClCompile>
    <ClCompile Include="$(ProjDir)..\..\..\llvm\utils\TableGen\CodeGenSchedule.cpp">
      <Filter>Source Files</Filter>
    </ClCompile>
    <ClCompile Include="$(ProjDir)..\..\..\llvm\utils\TableGen\CodeGenTarget.cpp">
      <Filter>Source Files</Filter>
    </ClCompile>
    <ClCompile Include="$(ProjDir)..\..\..\llvm\utils\TableGen\DAGISelEmitter.cpp">
      <Filter>Source Files</Filter>
    </ClCompile>
    <ClCompile Include="$(ProjDir)..\..\..\llvm\utils\TableGen\DAGISelMatcherEmitter.cpp">
      <Filter>Source Files</Filter>
    </ClCompile>
    <ClCompile Include="$(ProjDir)..\..\..\llvm\utils\TableGen\DAGISelMatcherGen.cpp">
      <Filter>Source Files</Filter>
    </ClCompile>
    <ClCompile Include="$(ProjDir)..\..\..\llvm\utils\TableGen\DAGISelMatcherOpt.cpp">
      <Filter>Source Files</Filter>
    </ClCompile>
    <ClCompile Include="$(ProjDir)..\..\..\llvm\utils\TableGen\DAGISelMatcher.cpp">
      <Filter>Source Files</Filter>
    </ClCompile>
    <ClCompile Include="$(ProjDir)..\..\..\llvm\utils\TableGen\DFAPacketizerEmitter.cpp">
      <Filter>Source Files</Filter>
    </ClCompile>
    <ClCompile Include="$(ProjDir)..\..\..\llvm\utils\TableGen\DisassemblerEmitter.cpp">
      <Filter>Source Files</Filter>
    </ClCompile>
    <ClCompile Include="$(ProjDir)..\..\..\llvm\utils\TableGen\FastISelEmitter.cpp">
      <Filter>Source Files</Filter>
    </ClCompile>
    <ClCompile Include="$(ProjDir)..\..\..\llvm\utils\TableGen\FixedLenDecoderEmitter.cpp">
      <Filter>Source Files</Filter>
    </ClCompile>
    <ClCompile Include="$(ProjDir)..\..\..\llvm\utils\TableGen\InstrInfoEmitter.cpp">
      <Filter>Source Files</Filter>
    </ClCompile>
    <ClCompile Include="$(ProjDir)..\..\..\llvm\utils\TableGen\IntrinsicEmitter.cpp">
      <Filter>Source Files</Filter>
    </ClCompile>
    <ClCompile Include="$(ProjDir)..\..\..\llvm\utils\TableGen\OptParserEmitter.cpp">
      <Filter>Source Files</Filter>
    </ClCompile>
    <ClCompile Include="$(ProjDir)..\..\..\llvm\utils\TableGen\PseudoLoweringEmitter.cpp">
      <Filter>Source Files</Filter>
    </ClCompile>
    <ClCompile Include="$(ProjDir)..\..\..\llvm\utils\TableGen\RegisterInfoEmitter.cpp">
      <Filter>Source Files</Filter>
    </ClCompile>
    <ClCompile Include="$(ProjDir)..\..\..\llvm\utils\TableGen\SubtargetEmitter.cpp">
      <Filter>Source Files</Filter>
    </ClCompile>
    <ClCompile Include="$(ProjDir)..\..\..\llvm\utils\TableGen\TableGen.cpp">
      <Filter>Source Files</Filter>
    </ClCompile>
    <ClCompile Include="$(ProjDir)..\..\..\llvm\utils\TableGen\X86DisassemblerTables.cpp">
      <Filter>Source Files</Filter>
    </ClCompile>
    <ClCompile Include="$(ProjDir)..\..\..\llvm\utils\TableGen\X86ModRMFilters.cpp">
      <Filter>Source Files</Filter>
    </ClCompile>
    <ClCompile Include="$(ProjDir)..\..\..\llvm\utils\TableGen\X86RecognizableInstr.cpp">
      <Filter>Source Files</Filter>
    </ClCompile>
    <ClCompile Include="$(ProjDir)..\..\..\llvm\utils\TableGen\CTagsEmitter.cpp">
      <Filter>Source Files</Filter>
    </ClCompile>
  </ItemGroup>
  <ItemGroup>
    <ClInclude Include="$(ProjDir)..\..\..\llvm\utils\TableGen\AsmWriterInst.h">
      <Filter>Header Files</Filter>
    </ClInclude>
    <ClInclude Include="$(ProjDir)..\..\..\llvm\utils\TableGen\CodeGenDAGPatterns.h">
      <Filter>Header Files</Filter>
    </ClInclude>
    <ClInclude Include="$(ProjDir)..\..\..\llvm\utils\TableGen\CodeGenInstruction.h">
      <Filter>Header Files</Filter>
    </ClInclude>
    <ClInclude Include="$(ProjDir)..\..\..\llvm\utils\TableGen\CodeGenIntrinsics.h">
      <Filter>Header Files</Filter>
    </ClInclude>
    <ClInclude Include="$(ProjDir)..\..\..\llvm\utils\TableGen\CodeGenRegisters.h">
      <Filter>Header Files</Filter>
    </ClInclude>
    <ClInclude Include="$(ProjDir)..\..\..\llvm\utils\TableGen\CodeGenSchedule.h">
      <Filter>Header Files</Filter>
    </ClInclude>
    <ClInclude Include="$(ProjDir)..\..\..\llvm\utils\TableGen\CodeGenTarget.h">
      <Filter>Header Files</Filter>
    </ClInclude>
    <ClInclude Include="$(ProjDir)..\..\..\llvm\utils\TableGen\DAGISelMatcher.h">
      <Filter>Header Files</Filter>
    </ClInclude>
    <ClInclude Include="$(ProjDir)..\..\..\llvm\utils\TableGen\SequenceToOffsetTable.h">
      <Filter>Header Files</Filter>
    </ClInclude>
    <ClInclude Include="$(ProjDir)..\..\..\llvm\utils\TableGen\TableGenBackends.h">
      <Filter>Header Files</Filter>
    </ClInclude>
    <ClInclude Include="$(ProjDir)..\..\..\llvm\utils\TableGen\X86DisassemblerShared.h">
      <Filter>Header Files</Filter>
    </ClInclude>
    <ClInclude Include="$(ProjDir)..\..\..\llvm\utils\TableGen\X86DisassemblerTables.h">
      <Filter>Header Files</Filter>
    </ClInclude>
    <ClInclude Include="$(ProjDir)..\..\..\llvm\utils\TableGen\X86ModRMFilters.h">
      <Filter>Header Files</Filter>
    </ClInclude>
    <ClInclude Include="$(ProjDir)..\..\..\llvm\utils\TableGen\X86RecognizableInstr.h">
      <Filter>Header Files</Filter>
    </ClInclude>
  </ItemGroup>
  <ItemGroup>
    <CustomBuild Include="$(ProjDir)..\..\..\llvm\utils\TableGen\CMakeLists.txt" />
  </ItemGroup>
  <ItemGroup>
    <Filter Include="Source Files">
      <UniqueIdentifier>{73255B00-5C5F-44DF-AF13-17E25F77C964}</UniqueIdentifier>
    </Filter>
    <Filter Include="Header Files">
      <UniqueIdentifier>{C4A58D48-0D94-4539-AE81-2E13421E4512}</UniqueIdentifier>
    </Filter>
  </ItemGroup>
</Project>