<Project xmlns="http://schemas.microsoft.com/developer/msbuild/2003" ToolsVersion="12.0">
  <ItemGroup>
    <ClCompile Include="$(ProjDir)..\..\..\..\llvm\lib\MC\MCParser\AsmLexer.cpp">
      <Filter>Source Files</Filter>
    </ClCompile>
    <ClCompile Include="$(ProjDir)..\..\..\..\llvm\lib\MC\MCParser\AsmParser.cpp">
      <Filter>Source Files</Filter>
    </ClCompile>
    <ClCompile Include="$(ProjDir)..\..\..\..\llvm\lib\MC\MCParser\COFFAsmParser.cpp">
      <Filter>Source Files</Filter>
    </ClCompile>
    <ClCompile Include="$(ProjDir)..\..\..\..\llvm\lib\MC\MCParser\DarwinAsmParser.cpp">
      <Filter>Source Files</Filter>
    </ClCompile>
    <ClCompile Include="$(ProjDir)..\..\..\..\llvm\lib\MC\MCParser\ELFAsmParser.cpp">
      <Filter>Source Files</Filter>
    </ClCompile>
    <ClCompile Include="$(ProjDir)..\..\..\..\llvm\lib\MC\MCParser\MCAsmLexer.cpp">
      <Filter>Source Files</Filter>
    </ClCompile>
    <ClCompile Include="$(ProjDir)..\..\..\..\llvm\lib\MC\MCParser\MCAsmParser.cpp">
      <Filter>Source Files</Filter>
    </ClCompile>
    <ClCompile Include="$(ProjDir)..\..\..\..\llvm\lib\MC\MCParser\MCAsmParserExtension.cpp">
      <Filter>Source Files</Filter>
    </ClCompile>
    <ClCompile Include="$(ProjDir)..\..\..\..\llvm\lib\MC\MCParser\MCTargetAsmParser.cpp">
      <Filter>Source Files</Filter>
    </ClCompile>
  </ItemGroup>
  <ItemGroup>
    <CustomBuild Include="$(ProjDir)..\..\..\..\llvm\lib\MC\MCParser\CMakeLists.txt" />
  </ItemGroup>
  <ItemGroup>
    <Filter Include="Source Files">
      <UniqueIdentifier>{73255B00-5C5F-44DF-AF13-17E25F77C964}</UniqueIdentifier>
    </Filter>
  </ItemGroup>
</Project>