Microsoft Visual Studio Solution File, Format Version 8.00
Project("{8BC9CEB8-8B4A-11D0-8D11-00A0C91BC942}") = "CDVDbin", "CDVDbin_2003.vcproj", "{50921BF5-D9DE-4264-92CF-7001E117CFC3}"
	ProjectSection(ProjectDependencies) = postProject
	EndProjectSection
EndProject
Global
	GlobalSection(SolutionConfiguration) = preSolution
		Debug = Debug
		Release = Release
	EndGlobalSection
	GlobalSection(ProjectConfiguration) = postSolution
		{50921BF5-D9DE-4264-92CF-7001E117CFC3}.Debug.ActiveCfg = Debug|Win32
		{50921BF5-D9DE-4264-92CF-7001E117CFC3}.Debug.Build.0 = Debug|Win32
		{50921BF5-D9DE-4264-92CF-7001E117CFC3}.Release.ActiveCfg = Release|Win32
		{50921BF5-D9DE-4264-92CF-7001E117CFC3}.Release.Build.0 = Release|Win32
	EndGlobalSection
	GlobalSection(ExtensibilityGlobals) = postSolution
	EndGlobalSection
	GlobalSection(ExtensibilityAddIns) = postSolution
	EndGlobalSection
EndGlobal
